
Microsoft Visual Studio Solution File, Format Version 12.00
# Visual Studio Version 17
VisualStudioVersion = 17.1.32210.238
MinimumVisualStudioVersion = 10.0.40219.1
Project("{00D1A9C2-B5F0-4AF3-8072-F6C62B433612}") = "Database", "Database\Database.sqlproj", "{87667187-7894-4A31-A228-5537D1FDDF9B}"
EndProject
Project("{9A19103F-16F7-4668-BE54-9A1E7A4F7556}") = "CommonAPI", "..\Common\CommonAPI\CommonAPI.csproj", "{EB3DB3EF-2914-4D7E-8810-92C72D615078}"
EndProject
Project("{9A19103F-16F7-4668-BE54-9A1E7A4F7556}") = "CommonCore", "..\Common\CommonCore\CommonCore.csproj", "{8943D2CC-1EC9-4769-82AF-BABC194DCC28}"
EndProject
Project("{FAE04EC0-301F-11D3-BF4B-00C04F79EFBC}") = "Log.Data.Framework", "Log.Data.Framework\Log.Data.Framework.csproj", "{77A34A24-C607-426E-AB7B-A5EC7146AA9B}"
EndProject
Project("{FAE04EC0-301F-11D3-BF4B-00C04F79EFBC}") = "Log.Data", "Log.Data\Log.Data.csproj", "{AB0C87F7-269D-496C-8635-0A3E89B52E53}"
EndProject
Project("{FAE04EC0-301F-11D3-BF4B-00C04F79EFBC}") = "LogAPI", "LogAPI\LogAPI.csproj", "{78E67922-F660-4D2F-A2D9-CDE9766377E5}"
EndProject
Project("{FAE04EC0-301F-11D3-BF4B-00C04F79EFBC}") = "Interface.Log", "Interface.Log\Interface.Log.csproj", "{AC83E687-154D-468B-87A0-9ED9F9694185}"
EndProject
Global
	GlobalSection(SolutionConfigurationPlatforms) = preSolution
		Debug|Any CPU = Debug|Any CPU
		Release|Any CPU = Release|Any CPU
	EndGlobalSection
	GlobalSection(ProjectConfigurationPlatforms) = postSolution
		{87667187-7894-4A31-A228-5537D1FDDF9B}.Debug|Any CPU.ActiveCfg = Debug|Any CPU
		{87667187-7894-4A31-A228-5537D1FDDF9B}.Debug|Any CPU.Build.0 = Debug|Any CPU
		{87667187-7894-4A31-A228-5537D1FDDF9B}.Debug|Any CPU.Deploy.0 = Debug|Any CPU
		{87667187-7894-4A31-A228-5537D1FDDF9B}.Release|Any CPU.ActiveCfg = Release|Any CPU
		{87667187-7894-4A31-A228-5537D1FDDF9B}.Release|Any CPU.Build.0 = Release|Any CPU
		{87667187-7894-4A31-A228-5537D1FDDF9B}.Release|Any CPU.Deploy.0 = Release|Any CPU
		{EB3DB3EF-2914-4D7E-8810-92C72D615078}.Debug|Any CPU.ActiveCfg = Debug|Any CPU
		{EB3DB3EF-2914-4D7E-8810-92C72D615078}.Debug|Any CPU.Build.0 = Debug|Any CPU
		{EB3DB3EF-2914-4D7E-8810-92C72D615078}.Release|Any CPU.ActiveCfg = Release|Any CPU
		{EB3DB3EF-2914-4D7E-8810-92C72D615078}.Release|Any CPU.Build.0 = Release|Any CPU
		{8943D2CC-1EC9-4769-82AF-BABC194DCC28}.Debug|Any CPU.ActiveCfg = Debug|Any CPU
		{8943D2CC-1EC9-4769-82AF-BABC194DCC28}.Debug|Any CPU.Build.0 = Debug|Any CPU
		{8943D2CC-1EC9-4769-82AF-BABC194DCC28}.Release|Any CPU.ActiveCfg = Release|Any CPU
		{8943D2CC-1EC9-4769-82AF-BABC194DCC28}.Release|Any CPU.Build.0 = Release|Any CPU
		{77A34A24-C607-426E-AB7B-A5EC7146AA9B}.Debug|Any CPU.ActiveCfg = Debug|Any CPU
		{77A34A24-C607-426E-AB7B-A5EC7146AA9B}.Debug|Any CPU.Build.0 = Debug|Any CPU
		{77A34A24-C607-426E-AB7B-A5EC7146AA9B}.Release|Any CPU.ActiveCfg = Release|Any CPU
		{77A34A24-C607-426E-AB7B-A5EC7146AA9B}.Release|Any CPU.Build.0 = Release|Any CPU
		{AB0C87F7-269D-496C-8635-0A3E89B52E53}.Debug|Any CPU.ActiveCfg = Debug|Any CPU
		{AB0C87F7-269D-496C-8635-0A3E89B52E53}.Debug|Any CPU.Build.0 = Debug|Any CPU
		{AB0C87F7-269D-496C-8635-0A3E89B52E53}.Release|Any CPU.ActiveCfg = Release|Any CPU
		{AB0C87F7-269D-496C-8635-0A3E89B52E53}.Release|Any CPU.Build.0 = Release|Any CPU
		{78E67922-F660-4D2F-A2D9-CDE9766377E5}.Debug|Any CPU.ActiveCfg = Debug|Any CPU
		{78E67922-F660-4D2F-A2D9-CDE9766377E5}.Debug|Any CPU.Build.0 = Debug|Any CPU
		{78E67922-F660-4D2F-A2D9-CDE9766377E5}.Release|Any CPU.ActiveCfg = Release|Any CPU
		{78E67922-F660-4D2F-A2D9-CDE9766377E5}.Release|Any CPU.Build.0 = Release|Any CPU
		{AC83E687-154D-468B-87A0-9ED9F9694185}.Debug|Any CPU.ActiveCfg = Debug|Any CPU
		{AC83E687-154D-468B-87A0-9ED9F9694185}.Debug|Any CPU.Build.0 = Debug|Any CPU
		{AC83E687-154D-468B-87A0-9ED9F9694185}.Release|Any CPU.ActiveCfg = Release|Any CPU
		{AC83E687-154D-468B-87A0-9ED9F9694185}.Release|Any CPU.Build.0 = Release|Any CPU
	EndGlobalSection
	GlobalSection(SolutionProperties) = preSolution
		HideSolutionNode = FALSE
	EndGlobalSection
	GlobalSection(ExtensibilityGlobals) = postSolution
		SolutionGuid = {DAD00A98-DDAC-4A69-90C5-BB8141E9E611}
	EndGlobalSection
EndGlobal
